
Microsoft Visual Studio Solution File, Format Version 12.00
# Visual Studio Version 16
VisualStudioVersion = 16.0.29920.165
MinimumVisualStudioVersion = 10.0.40219.1
Project("{FAE04EC0-301F-11D3-BF4B-00C04F79EFBC}") = "Inequality", "Inequality\Inequality.csproj", "{232673D3-9358-406C-BD9F-DC5594DD31D3}"
EndProject
Global
	GlobalSection(SolutionConfigurationPlatforms) = preSolution
		Debug|Any CPU = Debug|Any CPU
		Release|Any CPU = Release|Any CPU
	EndGlobalSection
	GlobalSection(ProjectConfigurationPlatforms) = postSolution
		{232673D3-9358-406C-BD9F-DC5594DD31D3}.Debug|Any CPU.ActiveCfg = Debug|Any CPU
		{232673D3-9358-406C-BD9F-DC5594DD31D3}.Debug|Any CPU.Build.0 = Debug|Any CPU
		{232673D3-9358-406C-BD9F-DC5594DD31D3}.Release|Any CPU.ActiveCfg = Release|Any CPU
		{232673D3-9358-406C-BD9F-DC5594DD31D3}.Release|Any CPU.Build.0 = Release|Any CPU
	EndGlobalSection
	GlobalSection(SolutionProperties) = preSolution
		HideSolutionNode = FALSE
	EndGlobalSection
	GlobalSection(ExtensibilityGlobals) = postSolution
		SolutionGuid = {4B2CDE57-EA29-4C29-BAEC-CA22DD6B65B0}
	EndGlobalSection
EndGlobal
